// !$*UTF8*$!
{
	archiveVersion = 1;
	classes = {
	};
	objectVersion = 46;
	objects = {

/* Begin PBXBuildFile section */
		01043EBF1C6A625F00742C4C /* AppDelegate.swift in Sources */ = {isa = PBXBuildFile; fileRef = 01043EBE1C6A625F00742C4C /* AppDelegate.swift */; };
		01043EC11C6A625F00742C4C /* Assets.xcassets in Resources */ = {isa = PBXBuildFile; fileRef = 01043EC01C6A625F00742C4C /* Assets.xcassets */; };
		01043EC41C6A625F00742C4C /* MainMenu.xib in Resources */ = {isa = PBXBuildFile; fileRef = 01043EC21C6A625F00742C4C /* MainMenu.xib */; };
/* End PBXBuildFile section */

/* Begin PBXFileReference section */
		01043EBB1C6A625F00742C4C /* SBNSOperationQueueApp.app */ = {isa = PBXFileReference; explicitFileType = wrapper.application; includeInIndex = 0; path = SBNSOperationQueueApp.app; sourceTree = BUILT_PRODUCTS_DIR; };
		01043EBE1C6A625F00742C4C /* AppDelegate.swift */ = {isa = PBXFileReference; lastKnownFileType = sourcecode.swift; path = AppDelegate.swift; sourceTree = "<group>"; };
		01043EC01C6A625F00742C4C /* Assets.xcassets */ = {isa = PBXFileReference; lastKnownFileType = folder.assetcatalog; path = Assets.xcassets; sourceTree = "<group>"; };
		01043EC31C6A625F00742C4C /* Base */ = {isa = PBXFileReference; lastKnownFileType = file.xib; name = Base; path = Base.lproj/MainMenu.xib; sourceTree = "<group>"; };
		01043EC51C6A625F00742C4C /* Info.plist */ = {isa = PBXFileReference; lastKnownFileType = text.plist.xml; path = Info.plist; sourceTree = "<group>"; };
/* End PBXFileReference section */

/* Begin PBXFrameworksBuildPhase section */
		01043EB81C6A625F00742C4C /* Frameworks */ = {
			isa = PBXFrameworksBuildPhase;
			buildActionMask = 2147483647;
			files = (
			);
			runOnlyForDeploymentPostprocessing = 0;
		};
/* End PBXFrameworksBuildPhase section */

/* Begin PBXGroup section */
		01043EB21C6A625F00742C4C = {
			isa = PBXGroup;
			children = (
				01043EBD1C6A625F00742C4C /* SBNSOperationQueueApp */,
				01043EBC1C6A625F00742C4C /* Products */,
			);
			sourceTree = "<group>";
		};
		01043EBC1C6A625F00742C4C /* Products */ = {
			isa = PBXGroup;
			children = (
				01043EBB1C6A625F00742C4C /* SBNSOperationQueueApp.app */,
			);
			name = Products;
			sourceTree = "<group>";
		};
		01043EBD1C6A625F00742C4C /* SBNSOperationQueueApp */ = {
			isa = PBXGroup;
			children = (
				01043EBE1C6A625F00742C4C /* AppDelegate.swift */,
				01043EC01C6A625F00742C4C /* Assets.xcassets */,
				01043EC21C6A625F00742C4C /* MainMenu.xib */,
				01043EC51C6A625F00742C4C /* Info.plist */,
			);
			path = SBNSOperationQueueApp;
			sourceTree = "<group>";
		};
/* End PBXGroup section */

/* Begin PBXNativeTarget section */
		01043EBA1C6A625F00742C4C /* SBNSOperationQueueApp */ = {
			isa = PBXNativeTarget;
			buildConfigurationList = 01043EC81C6A625F00742C4C /* Build configuration list for PBXNativeTarget "SBNSOperationQueueApp" */;
			buildPhases = (
				01043EB71C6A625F00742C4C /* Sources */,
				01043EB81C6A625F00742C4C /* Frameworks */,
				01043EB91C6A625F00742C4C /* Resources */,
			);
			buildRules = (
			);
			dependencies = (
			);
			name = SBNSOperationQueueApp;
			productName = SBNSOperationQueueApp;
			productReference = 01043EBB1C6A625F00742C4C /* SBNSOperationQueueApp.app */;
			productType = "com.apple.product-type.application";
		};
/* End PBXNativeTarget section */

/* Begin PBXProject section */
		01043EB31C6A625F00742C4C /* Project object */ = {
			isa = PBXProject;
			attributes = {
				LastSwiftUpdateCheck = 0720;
				LastUpgradeCheck = 0720;
				ORGANIZATIONNAME = "Nicholas Nelson";
				TargetAttributes = {
					01043EBA1C6A625F00742C4C = {
						CreatedOnToolsVersion = 7.2.1;
					};
				};
			};
			buildConfigurationList = 01043EB61C6A625F00742C4C /* Build configuration list for PBXProject "SBNSOperationQueueApp" */;
			compatibilityVersion = "Xcode 3.2";
			developmentRegion = English;
			hasScannedForEncodings = 0;
			knownRegions = (
				en,
				Base,
			);
			mainGroup = 01043EB21C6A625F00742C4C;
			productRefGroup = 01043EBC1C6A625F00742C4C /* Products */;
			projectDirPath = "";
			projectRoot = "";
			targets = (
				01043EBA1C6A625F00742C4C /* SBNSOperationQueueApp */,
			);
		};
/* End PBXProject section */

/* Begin PBXResourcesBuildPhase section */
		01043EB91C6A625F00742C4C /* Resources */ = {
			isa = PBXResourcesBuildPhase;
			buildActionMask = 2147483647;
			files = (
				01043EC11C6A625F00742C4C /* Assets.xcassets in Resources */,
				01043EC41C6A625F00742C4C /* MainMenu.xib in Resources */,
			);
			runOnlyForDeploymentPostprocessing = 0;
		};
/* End PBXResourcesBuildPhase section */

/* Begin PBXSourcesBuildPhase section */
		01043EB71C6A625F00742C4C /* Sources */ = {
			isa = PBXSourcesBuildPhase;
			buildActionMask = 2147483647;
			files = (
				01043EBF1C6A625F00742C4C /* AppDelegate.swift in Sources */,
			);
			runOnlyForDeploymentPostprocessing = 0;
		};
/* End PBXSourcesBuildPhase section */

/* Begin PBXVariantGroup section */
		01043EC21C6A625F00742C4C /* MainMenu.xib */ = {
			isa = PBXVariantGroup;
			children = (
				01043EC31C6A625F00742C4C /* Base */,
			);
			name = MainMenu.xib;
			sourceTree = "<group>";
		};
/* End PBXVariantGroup section */

/* Begin XCBuildConfiguration section */
		01043EC61C6A625F00742C4C /* Debug */ = {
			isa = XCBuildConfiguration;
			buildSettings = {
				ALWAYS_SEARCH_USER_PATHS = NO;
				CLANG_CXX_LANGUAGE_STANDARD = "gnu++0x";
				CLANG_CXX_LIBRARY = "libc++";
				CLANG_ENABLE_MODULES = YES;
				CLANG_ENABLE_OBJC_ARC = YES;
				CLANG_WARN_BOOL_CONVERSION = YES;
				CLANG_WARN_CONSTANT_CONVERSION = YES;
				CLANG_WARN_DIRECT_OBJC_ISA_USAGE = YES_ERROR;
				CLANG_WARN_EMPTY_BODY = YES;
				CLANG_WARN_ENUM_CONVERSION = YES;
				CLANG_WARN_INT_CONVERSION = YES;
				CLANG_WARN_OBJC_ROOT_CLASS = YES_ERROR;
				CLANG_WARN_UNREACHABLE_CODE = YES;
				CLANG_WARN__DUPLICATE_METHOD_MATCH = YES;
				CODE_SIGN_IDENTITY = "-";
				COPY_PHASE_STRIP = NO;
				DEBUG_INFORMATION_FORMAT = dwarf;
				ENABLE_STRICT_OBJC_MSGSEND = YES;
				ENABLE_TESTABILITY = YES;
				GCC_C_LANGUAGE_STANDARD = gnu99;
				GCC_DYNAMIC_NO_PIC = NO;
				GCC_NO_COMMON_BLOCKS = YES;
				GCC_OPTIMIZATION_LEVEL = 0;
				GCC_PREPROCESSOR_DEFINITIONS = (
					"DEBUG=1",
					"$(inherited)",
				);
				GCC_WARN_64_TO_32_BIT_CONVERSION = YES;
				GCC_WARN_ABOUT_RETURN_TYPE = YES_ERROR;
				GCC_WARN_UNDECLARED_SELECTOR = YES;
				GCC_WARN_UNINITIALIZED_AUTOS = YES_AGGRESSIVE;
				GCC_WARN_UNUSED_FUNCTION = YES;
				GCC_WARN_UNUSED_VARIABLE = YES;
				MACOSX_DEPLOYMENT_TARGET = 10.11;
				MTL_ENABLE_DEBUG_INFO = YES;
				ONLY_ACTIVE_ARCH = YES;
				SDKROOT = macosx;
				SWIFT_OPTIMIZATION_LEVEL = "-Onone";
			};
			name = Debug;
		};
		01043EC71C6A625F00742C4C /* Release */ = {
			isa = XCBuildConfiguration;
			buildSettings = {
				ALWAYS_SEARCH_USER_PATHS = NO;
				CLANG_CXX_LANGUAGE_STANDARD = "gnu++0x";
				CLANG_CXX_LIBRARY = "libc++";
				CLANG_ENABLE_MODULES = YES;
				CLANG_ENABLE_OBJC_ARC = YES;
				CLANG_WARN_BOOL_CONVERSION = YES;
				CLANG_WARN_CONSTANT_CONVERSION = YES;
				CLANG_WARN_DIRECT_OBJC_ISA_USAGE = YES_ERROR;
				CLANG_WARN_EMPTY_BODY = YES;
				CLANG_WARN_ENUM_CONVERSION = YES;
				CLANG_WARN_INT_CONVERSION = YES;
				CLANG_WARN_OBJC_ROOT_CLASS = YES_ERROR;
				CLANG_WARN_UNREACHABLE_CODE = YES;
				CLANG_WARN__DUPLICATE_METHOD_MATCH = YES;
				CODE_SIGN_IDENTITY = "-";
				COPY_PHASE_STRIP = NO;
				DEBUG_INFORMATION_FORMAT = "dwarf-with-dsym";
				ENABLE_NS_ASSERTIONS = NO;
				ENABLE_STRICT_OBJC_MSGSEND = YES;
				GCC_C_LANGUAGE_STANDARD = gnu99;
				GCC_NO_COMMON_BLOCKS = YES;
				GCC_WARN_64_TO_32_BIT_CONVERSION = YES;
				GCC_WARN_ABOUT_RETURN_TYPE = YES_ERROR;
				GCC_WARN_UNDECLARED_SELECTOR = YES;
				GCC_WARN_UNINITIALIZED_AUTOS = YES_AGGRESSIVE;
				GCC_WARN_UNUSED_FUNCTION = YES;
				GCC_WARN_UNUSED_VARIABLE = YES;
				MACOSX_DEPLOYMENT_TARGET = 10.11;
				MTL_ENABLE_DEBUG_INFO = NO;
				SDKROOT = macosx;
			};
			name = Release;
		};
		01043EC91C6A625F00742C4C /* Debug */ = {
			isa = XCBuildConfiguration;
			buildSettings = {
				ASSETCATALOG_COMPILER_APPICON_NAME = AppIcon;
				COMBINE_HIDPI_IMAGES = YES;
				INFOPLIST_FILE = SBNSOperationQueueApp/Info.plist;
				LD_RUNPATH_SEARCH_PATHS = "$(inherited) @executable_path/../Frameworks";
				PRODUCT_BUNDLE_IDENTIFIER = com.nicholasnelson.SBNSOperationQueueApp;
				PRODUCT_NAME = "$(TARGET_NAME)";
			};
			name = Debug;
		};
		01043ECA1C6A625F00742C4C /* Release */ = {
			isa = XCBuildConfiguration;
			buildSettings = {
				ASSETCATALOG_COMPILER_APPICON_NAME = AppIcon;
				COMBINE_HIDPI_IMAGES = YES;
				INFOPLIST_FILE = SBNSOperationQueueApp/Info.plist;
				LD_RUNPATH_SEARCH_PATHS = "$(inherited) @executable_path/../Frameworks";
				PRODUCT_BUNDLE_IDENTIFIER = com.nicholasnelson.SBNSOperationQueueApp;
				PRODUCT_NAME = "$(TARGET_NAME)";
			};
			name = Release;
		};
/* End XCBuildConfiguration section */

/* Begin XCConfigurationList section */
		01043EB61C6A625F00742C4C /* Build configuration list for PBXProject "SBNSOperationQueueApp" */ = {
			isa = XCConfigurationList;
			buildConfigurations = (
				01043EC61C6A625F00742C4C /* Debug */,
				01043EC71C6A625F00742C4C /* Release */,
			);
			defaultConfigurationIsVisible = 0;
			defaultConfigurationName = Release;
		};
		01043EC81C6A625F00742C4C /* Build configuration list for PBXNativeTarget "SBNSOperationQueueApp" */ = {
			isa = XCConfigurationList;
			buildConfigurations = (
				01043EC91C6A625F00742C4C /* Debug */,
				01043ECA1C6A625F00742C4C /* Release */,
			);
			defaultConfigurationIsVisible = 0;
		};
/* End XCConfigurationList section */
	};
	rootObject = 01043EB31C6A625F00742C4C /* Project object */;
}
